
Microsoft Visual Studio Solution File, Format Version 12.00
# Visual Studio 15
VisualStudioVersion = 15.0.28307.136
MinimumVisualStudioVersion = 10.0.40219.1
Project("{2150E333-8FDC-42A3-9474-1A3956D46DE8}") = "src", "src", "{68882E92-063D-46B0-B521-787F95603BE1}"
EndProject
Project("{FAE04EC0-301F-11D3-BF4B-00C04F79EFBC}") = "StandardCore.Security.PasswordHasher", "src\StandardCore.Security.PasswordHasher\StandardCore.Security.PasswordHasher.csproj", "{76FC1AE4-C0D7-4DC0-9083-10B92CC66CD2}"
EndProject
Global
	GlobalSection(SolutionConfigurationPlatforms) = preSolution
		Debug|Any CPU = Debug|Any CPU
		Release|Any CPU = Release|Any CPU
	EndGlobalSection
	GlobalSection(ProjectConfigurationPlatforms) = postSolution
		{76FC1AE4-C0D7-4DC0-9083-10B92CC66CD2}.Debug|Any CPU.ActiveCfg = Debug|Any CPU
		{76FC1AE4-C0D7-4DC0-9083-10B92CC66CD2}.Debug|Any CPU.Build.0 = Debug|Any CPU
		{76FC1AE4-C0D7-4DC0-9083-10B92CC66CD2}.Release|Any CPU.ActiveCfg = Release|Any CPU
		{76FC1AE4-C0D7-4DC0-9083-10B92CC66CD2}.Release|Any CPU.Build.0 = Release|Any CPU
	EndGlobalSection
	GlobalSection(SolutionProperties) = preSolution
		HideSolutionNode = FALSE
	EndGlobalSection
	GlobalSection(NestedProjects) = preSolution
		{76FC1AE4-C0D7-4DC0-9083-10B92CC66CD2} = {68882E92-063D-46B0-B521-787F95603BE1}
	EndGlobalSection
	GlobalSection(ExtensibilityGlobals) = postSolution
		SolutionGuid = {1F09BDD7-0F17-4456-B216-F89D3FEF4675}
	EndGlobalSection
EndGlobal
